{
  "nodes": {
    "flake-utils": {
      "locked": {
        "lastModified": 1638122382,
        "narHash": "sha256-sQzZzAbvKEqN9s0bzWuYmRaA03v40gaJ4+iL1LXjaeI=",
        "owner": "numtide",
        "repo": "flake-utils",
        "rev": "74f7e4319258e287b0f9cb95426c9853b282730b",
        "type": "github"
      },
      "original": {
        "owner": "numtide",
        "repo": "flake-utils",
        "type": "github"
      }
    },
    "flake-utils_2": {
      "locked": {
        "lastModified": 1631561581,
        "narHash": "sha256-3VQMV5zvxaVLvqqUrNz3iJelLw30mIVSfZmAaauM3dA=",
        "owner": "numtide",
        "repo": "flake-utils",
        "rev": "7e5bf3925f6fbdfaf50a2a7ca0be2879c4261d19",
        "type": "github"
      },
      "original": {
        "owner": "numtide",
        "repo": "flake-utils",
        "type": "github"
      }
    },
    "lean": {
      "inputs": {
        "flake-utils": "flake-utils",
        "lean-stage0": "lean-stage0",
        "mdBook": "mdBook",
        "nix": "nix",
        "nixpkgs": "nixpkgs_2",
        "temci": "temci"
      },
      "locked": {
        "lastModified": 1640594651,
        "narHash": "sha256-eT8NHouPSgH1daCc+8Dx6LOUhZwsC4La4x6VGQWLG9I=",
        "owner": "leanprover",
        "repo": "lean4",
        "rev": "748c9ab73a4766d0891768d3f10de79f6ffe5230",
        "type": "github"
      },
      "original": {
        "owner": "leanprover",
        "repo": "lean4",
        "type": "github"
      }
    },
    "lean-stage0": {
      "locked": {
        "lastModified": 0,
        "narHash": "sha256-3K/43lSW4WIHNG+HHVKCD1odS63mHuaQ4ueHyTIkcls=",
        "owner": "leanprover",
        "repo": "lean4",
        "rev": "0000000000000000000000000000000000000000",
        "type": "github"
      },
      "original": {
        "owner": "leanprover",
        "repo": "lean4",
        "type": "github"
      }
    },
    "lowdown-src": {
      "flake": false,
      "locked": {
        "lastModified": 1633514407,
        "narHash": "sha256-Dw32tiMjdK9t3ETl5fzGrutQTzh2rufgZV4A/BbxuD4=",
        "owner": "kristapsdz",
        "repo": "lowdown",
        "rev": "d2c2b44ff6c27b936ec27358a2653caaef8f73b8",
        "type": "github"
      },
      "original": {
        "owner": "kristapsdz",
        "repo": "lowdown",
        "type": "github"
      }
    },
    "mdBook": {
      "flake": false,
      "locked": {
        "lastModified": 1637318029,
        "narHash": "sha256-XU6oQY46mLqLdMp9ONR9WSEBVaA3627cGfzB218Wul0=",
        "owner": "leanprover",
        "repo": "mdBook",
        "rev": "45de7509526f09915b19e4eaeec99c8c2031f1ce",
        "type": "github"
      },
      "original": {
        "owner": "leanprover",
        "repo": "mdBook",
        "type": "github"
      }
    },
    "naersk": {
      "inputs": {
        "nixpkgs": "nixpkgs_4"
      },
      "locked": {
        "lastModified": 1618844365,
        "narHash": "sha256-Z9t0rr+5OG/ru3jdg3jivfYVU4ydV/nqt8UwIut7uHs=",
        "owner": "yatima-inc",
        "repo": "naersk",
        "rev": "32e3ba39d9d83098b13720a4384bdda191dd0445",
        "type": "github"
      },
      "original": {
        "owner": "yatima-inc",
        "repo": "naersk",
        "type": "github"
      }
    },
    "nix": {
      "inputs": {
        "lowdown-src": "lowdown-src",
        "nixpkgs": "nixpkgs"
      },
      "locked": {
        "lastModified": 1638447470,
        "narHash": "sha256-DREkiGilBlNzBqonvVrIBNSsYWv1PZuvfXFhaSGeXsM=",
        "owner": "NixOS",
        "repo": "nix",
        "rev": "2ff71b021379a2c9bbdcb789a93cdc585b3520ca",
        "type": "github"
      },
      "original": {
        "owner": "NixOS",
        "repo": "nix",
        "type": "github"
      }
    },
    "nixpkgs": {
      "locked": {
        "lastModified": 1632864508,
        "narHash": "sha256-d127FIvGR41XbVRDPVvozUPQ/uRHbHwvfyKHwEt5xFM=",
        "owner": "NixOS",
        "repo": "nixpkgs",
        "rev": "82891b5e2c2359d7e58d08849e4c89511ab94234",
        "type": "github"
      },
      "original": {
        "id": "nixpkgs",
        "ref": "nixos-21.05-small",
        "type": "indirect"
      }
    },
    "nixpkgs_2": {
      "locked": {
        "lastModified": 1638397275,
        "narHash": "sha256-2Jos1CJFTMO9IbulbM4PTKn24nISIDQCAG/AqYQ8rmg=",
        "owner": "NixOS",
        "repo": "nixpkgs",
        "rev": "391f93a83c3a486475d60eb4a569bb6afbf306ad",
        "type": "github"
      },
      "original": {
        "owner": "NixOS",
        "ref": "nixpkgs-unstable",
        "repo": "nixpkgs",
        "type": "github"
      }
    },
    "nixpkgs_3": {
      "locked": {
        "lastModified": 1640653651,
        "narHash": "sha256-fByFYXYoE/6TqwKGbT7XBCOAlSsFzOXm4ZsRLoO70m8=",
        "owner": "nixos",
        "repo": "nixpkgs",
        "rev": "7bca80140fc7732c7357b26002db3d87b3ba4c61",
        "type": "github"
      },
      "original": {
        "owner": "nixos",
        "ref": "nixos-21.05",
        "repo": "nixpkgs",
        "type": "github"
      }
    },
    "nixpkgs_4": {
      "locked": {
        "lastModified": 1640418986,
        "narHash": "sha256-a8GGtxn2iL3WAkY5H+4E0s3Q7XJt6bTOvos9qqxT5OQ=",
        "owner": "NixOS",
        "repo": "nixpkgs",
        "rev": "5c37ad87222cfc1ec36d6cd1364514a9efc2f7f2",
        "type": "github"
      },
      "original": {
        "id": "nixpkgs",
        "type": "indirect"
      }
    },
    "root": {
      "inputs": {
        "lean": "lean",
        "nixpkgs": "nixpkgs_3",
        "utils": "utils"
      }
    },
    "temci": {
      "flake": false,
      "locked": {
        "lastModified": 1638195132,
        "narHash": "sha256-1DSg4Qr5h54wLrKpZfpkArhFXDFLdO57PiYUMk+7FSc=",
        "owner": "parttimenerd",
        "repo": "temci",
        "rev": "a8d78cb52c248f1ae3f2469bbd0916b14ac9ea84",
        "type": "github"
      },
      "original": {
        "owner": "parttimenerd",
        "repo": "temci",
        "type": "github"
      }
    },
    "utils": {
      "inputs": {
        "flake-utils": "flake-utils_2",
        "naersk": "naersk",
        "nixpkgs": [
          "nixpkgs"
        ]
      },
      "locked": {
        "lastModified": 1638966113,
        "narHash": "sha256-0xH1+2FxKm02tny4AsArtN2xHdjN637spCsar7ks7ZM=",
        "owner": "yatima-inc",
        "repo": "nix-utils",
        "rev": "8dc43e9ede4af7d9f25512a453a9631fb4259ef0",
        "type": "github"
      },
      "original": {
        "owner": "yatima-inc",
        "repo": "nix-utils",
        "type": "github"
      }
    }
  },
  "root": "root",
  "version": 7
}
